
Microsoft Visual Studio Solution File, Format Version 12.00
# Visual Studio Version 17
VisualStudioVersion = 17.3.32929.385
MinimumVisualStudioVersion = 10.0.40219.1
Project("{FAE04EC0-301F-11D3-BF4B-00C04F79EFBC}") = "Ank9_MvcUI_PlakDukkani_CT", "Ank9_MvcUI_PlakDukkani_CT\Ank9_MvcUI_PlakDukkani_CT.csproj", "{DB6086B3-6019-453B-AB2C-1C406F0F3E70}"
EndProject
Project("{FAE04EC0-301F-11D3-BF4B-00C04F79EFBC}") = "Ank9_EF_Entities_CT", "Ank9_EF_Entities_CT\Ank9_EF_Entities_CT.csproj", "{3C4576D4-39D6-458B-B384-A04766E1F575}"
EndProject
Project("{FAE04EC0-301F-11D3-BF4B-00C04F79EFBC}") = "Ank9_WinUI", "Ank9_WinUI\Ank9_WinUI.csproj", "{7A1C0EC9-0496-4986-99B4-C43C76984FC7}"
EndProject
Global
	GlobalSection(SolutionConfigurationPlatforms) = preSolution
		Debug|Any CPU = Debug|Any CPU
		Release|Any CPU = Release|Any CPU
	EndGlobalSection
	GlobalSection(ProjectConfigurationPlatforms) = postSolution
		{DB6086B3-6019-453B-AB2C-1C406F0F3E70}.Debug|Any CPU.ActiveCfg = Debug|Any CPU
		{DB6086B3-6019-453B-AB2C-1C406F0F3E70}.Debug|Any CPU.Build.0 = Debug|Any CPU
		{DB6086B3-6019-453B-AB2C-1C406F0F3E70}.Release|Any CPU.ActiveCfg = Release|Any CPU
		{DB6086B3-6019-453B-AB2C-1C406F0F3E70}.Release|Any CPU.Build.0 = Release|Any CPU
		{3C4576D4-39D6-458B-B384-A04766E1F575}.Debug|Any CPU.ActiveCfg = Debug|Any CPU
		{3C4576D4-39D6-458B-B384-A04766E1F575}.Debug|Any CPU.Build.0 = Debug|Any CPU
		{3C4576D4-39D6-458B-B384-A04766E1F575}.Release|Any CPU.ActiveCfg = Release|Any CPU
		{3C4576D4-39D6-458B-B384-A04766E1F575}.Release|Any CPU.Build.0 = Release|Any CPU
		{7A1C0EC9-0496-4986-99B4-C43C76984FC7}.Debug|Any CPU.ActiveCfg = Debug|Any CPU
		{7A1C0EC9-0496-4986-99B4-C43C76984FC7}.Debug|Any CPU.Build.0 = Debug|Any CPU
		{7A1C0EC9-0496-4986-99B4-C43C76984FC7}.Release|Any CPU.ActiveCfg = Release|Any CPU
		{7A1C0EC9-0496-4986-99B4-C43C76984FC7}.Release|Any CPU.Build.0 = Release|Any CPU
	EndGlobalSection
	GlobalSection(SolutionProperties) = preSolution
		HideSolutionNode = FALSE
	EndGlobalSection
	GlobalSection(ExtensibilityGlobals) = postSolution
		SolutionGuid = {A0AD2478-5735-4618-A4D8-AFB2996A4726}
	EndGlobalSection
EndGlobal
